// !$*UTF8*$!
{
	archiveVersion = 1;
	classes = {
	};
	objectVersion = 51;
	objects = {

/* Begin PBXBuildFile section */
		8F0E7BB92421496C004235A7 /* FlorentiniModel.xcdatamodeld in Sources */ = {isa = PBXBuildFile; fileRef = 8F0E7BB72421496C004235A7 /* FlorentiniModel.xcdatamodeld */; };
		8F0E7BDE24214DAC004235A7 /* CoreDataManager.swift in Sources */ = {isa = PBXBuildFile; fileRef = 8F0E7BDD24214DAC004235A7 /* CoreDataManager.swift */; };
		8F0EEDF924129A3500948175 /* BasketViewController.swift in Sources */ = {isa = PBXBuildFile; fileRef = 8F0EEDF824129A3500948175 /* BasketViewController.swift */; };
		8F2062A323FEB25A007C481A /* MainWorkSpaceViewController.swift in Sources */ = {isa = PBXBuildFile; fileRef = 8F2062A223FEB25A007C481A /* MainWorkSpaceViewController.swift */; };
		8F2062A523FF555F007C481A /* NavigationManager.swift in Sources */ = {isa = PBXBuildFile; fileRef = 8F2062A423FF555F007C481A /* NavigationManager.swift */; };
		8F2062A723FF5ECE007C481A /* LoginWorkSpaceViewController.swift in Sources */ = {isa = PBXBuildFile; fileRef = 8F2062A623FF5ECE007C481A /* LoginWorkSpaceViewController.swift */; };
		8F2062A923FF5F94007C481A /* AuthenticationManager.swift in Sources */ = {isa = PBXBuildFile; fileRef = 8F2062A823FF5F94007C481A /* AuthenticationManager.swift */; };
		8F2062AC23FF6292007C481A /* UIAlertController + Custom.swift in Sources */ = {isa = PBXBuildFile; fileRef = 8F2062AB23FF6292007C481A /* UIAlertController + Custom.swift */; };
		8F2062AE23FF641C007C481A /* WorkMenuViewController.swift in Sources */ = {isa = PBXBuildFile; fileRef = 8F2062AD23FF641C007C481A /* WorkMenuViewController.swift */; };
		8F2062B823FF701C007C481A /* WorkerCatalogViewController.swift in Sources */ = {isa = PBXBuildFile; fileRef = 8F2062B723FF701C007C481A /* WorkerCatalogViewController.swift */; };
		8F2062BA23FF703A007C481A /* WorkerProfileViewController.swift in Sources */ = {isa = PBXBuildFile; fileRef = 8F2062B923FF703A007C481A /* WorkerProfileViewController.swift */; };
		8F2062BC23FF714D007C481A /* WorkersFAQViewController.swift in Sources */ = {isa = PBXBuildFile; fileRef = 8F2062BB23FF714D007C481A /* WorkersFAQViewController.swift */; };
		8F2062C323FF747B007C481A /* Main.storyboard in Resources */ = {isa = PBXBuildFile; fileRef = 8F2062C123FF747B007C481A /* Main.storyboard */; };
		8F2062C723FF7F75007C481A /* WorkersChatViewController.swift in Sources */ = {isa = PBXBuildFile; fileRef = 8F2062C623FF7F75007C481A /* WorkersChatViewController.swift */; };
		8F2062CB23FFA4EF007C481A /* WorkerMessagesTableViewCell.swift in Sources */ = {isa = PBXBuildFile; fileRef = 8F2062CA23FFA4EF007C481A /* WorkerMessagesTableViewCell.swift */; };
		8F95742724169DDB00A4EF6E /* WorkerCatalogTableViewCell.swift in Sources */ = {isa = PBXBuildFile; fileRef = 8F95742624169DDB00A4EF6E /* WorkerCatalogTableViewCell.swift */; };
		8F9574292417AE7000A4EF6E /* BasketTableViewCell.swift in Sources */ = {isa = PBXBuildFile; fileRef = 8F9574282417AE7000A4EF6E /* BasketTableViewCell.swift */; };
		8FA80A9823FD65FA0015C878 /* NetworkManager.swift in Sources */ = {isa = PBXBuildFile; fileRef = 8FA80A9723FD65FA0015C878 /* NetworkManager.swift */; };
		8FA80A9A23FD660A0015C878 /* DatabaseManager.swift in Sources */ = {isa = PBXBuildFile; fileRef = 8FA80A9923FD660A0015C878 /* DatabaseManager.swift */; };
		8FD4E4C123FCD1D800C62FA5 /* AppDelegate.swift in Sources */ = {isa = PBXBuildFile; fileRef = 8FD4E4C023FCD1D800C62FA5 /* AppDelegate.swift */; };
		8FD4E4C323FCD1D800C62FA5 /* SceneDelegate.swift in Sources */ = {isa = PBXBuildFile; fileRef = 8FD4E4C223FCD1D800C62FA5 /* SceneDelegate.swift */; };
		8FD4E4CA23FCD1D800C62FA5 /* Assets.xcassets in Resources */ = {isa = PBXBuildFile; fileRef = 8FD4E4C923FCD1D800C62FA5 /* Assets.xcassets */; };
		8FD4E4CD23FCD1D800C62FA5 /* LaunchScreen.storyboard in Resources */ = {isa = PBXBuildFile; fileRef = 8FD4E4CB23FCD1D800C62FA5 /* LaunchScreen.storyboard */; };
		8FD4E4D523FCD2EB00C62FA5 /* GoogleService-Info.plist in Resources */ = {isa = PBXBuildFile; fileRef = 8FD4E4D423FCD2EB00C62FA5 /* GoogleService-Info.plist */; };
		8FD4E4E323FCF01000C62FA5 /* SlideInTransition.swift in Sources */ = {isa = PBXBuildFile; fileRef = 8FD4E4E223FCF01000C62FA5 /* SlideInTransition.swift */; };
		8FE3F69724035BE4003001CA /* FAQViewController.swift in Sources */ = {isa = PBXBuildFile; fileRef = 8FE3F69424035BE3003001CA /* FAQViewController.swift */; };
		8FE3F69824035BE4003001CA /* AboutUsViewController.swift in Sources */ = {isa = PBXBuildFile; fileRef = 8FE3F69524035BE4003001CA /* AboutUsViewController.swift */; };
		8FE3F69924035BE4003001CA /* CatalogViewController.swift in Sources */ = {isa = PBXBuildFile; fileRef = 8FE3F69624035BE4003001CA /* CatalogViewController.swift */; };
		8FE3F69D24035BED003001CA /* HomeViewController.swift in Sources */ = {isa = PBXBuildFile; fileRef = 8FE3F69B24035BED003001CA /* HomeViewController.swift */; };
		8FE3F69F24035BF7003001CA /* MenuViewController.swift in Sources */ = {isa = PBXBuildFile; fileRef = 8FE3F69E24035BF6003001CA /* MenuViewController.swift */; };
		8FFDA507240EC1D700A63A02 /* UserCatalogTableViewCell.swift in Sources */ = {isa = PBXBuildFile; fileRef = 8FFDA506240EC1D700A63A02 /* UserCatalogTableViewCell.swift */; };
		8FFEDF262407EC3500D894FD /* NewProductSetViewController.swift in Sources */ = {isa = PBXBuildFile; fileRef = 8FFEDF252407EC3500D894FD /* NewProductSetViewController.swift */; };
		E86CADEFD3FB618B8C6FB2C4 /* Pods_Florentini.framework in Frameworks */ = {isa = PBXBuildFile; fileRef = D6A7F0BFE6E9D9665F2F01FE /* Pods_Florentini.framework */; };
/* End PBXBuildFile section */

/* Begin PBXFileReference section */
		684CBB7DD3C972328D14EE25 /* Pods-Florentini.debug.xcconfig */ = {isa = PBXFileReference; includeInIndex = 1; lastKnownFileType = text.xcconfig; name = "Pods-Florentini.debug.xcconfig"; path = "Target Support Files/Pods-Florentini/Pods-Florentini.debug.xcconfig"; sourceTree = "<group>"; };
		8F0E7BB82421496C004235A7 /* coreData.xcdatamodel */ = {isa = PBXFileReference; lastKnownFileType = wrapper.xcdatamodel; path = coreData.xcdatamodel; sourceTree = "<group>"; };
		8F0E7BDD24214DAC004235A7 /* CoreDataManager.swift */ = {isa = PBXFileReference; lastKnownFileType = sourcecode.swift; path = CoreDataManager.swift; sourceTree = "<group>"; };
		8F0EEDF824129A3500948175 /* BasketViewController.swift */ = {isa = PBXFileReference; lastKnownFileType = sourcecode.swift; path = BasketViewController.swift; sourceTree = "<group>"; };
		8F2062A223FEB25A007C481A /* MainWorkSpaceViewController.swift */ = {isa = PBXFileReference; lastKnownFileType = sourcecode.swift; path = MainWorkSpaceViewController.swift; sourceTree = "<group>"; };
		8F2062A423FF555F007C481A /* NavigationManager.swift */ = {isa = PBXFileReference; lastKnownFileType = sourcecode.swift; path = NavigationManager.swift; sourceTree = "<group>"; };
		8F2062A623FF5ECE007C481A /* LoginWorkSpaceViewController.swift */ = {isa = PBXFileReference; lastKnownFileType = sourcecode.swift; path = LoginWorkSpaceViewController.swift; sourceTree = "<group>"; };
		8F2062A823FF5F94007C481A /* AuthenticationManager.swift */ = {isa = PBXFileReference; lastKnownFileType = sourcecode.swift; path = AuthenticationManager.swift; sourceTree = "<group>"; };
		8F2062AB23FF6292007C481A /* UIAlertController + Custom.swift */ = {isa = PBXFileReference; lastKnownFileType = sourcecode.swift; path = "UIAlertController + Custom.swift"; sourceTree = "<group>"; };
		8F2062AD23FF641C007C481A /* WorkMenuViewController.swift */ = {isa = PBXFileReference; lastKnownFileType = sourcecode.swift; path = WorkMenuViewController.swift; sourceTree = "<group>"; };
		8F2062B723FF701C007C481A /* WorkerCatalogViewController.swift */ = {isa = PBXFileReference; lastKnownFileType = sourcecode.swift; path = WorkerCatalogViewController.swift; sourceTree = "<group>"; };
		8F2062B923FF703A007C481A /* WorkerProfileViewController.swift */ = {isa = PBXFileReference; lastKnownFileType = sourcecode.swift; path = WorkerProfileViewController.swift; sourceTree = "<group>"; };
		8F2062BB23FF714D007C481A /* WorkersFAQViewController.swift */ = {isa = PBXFileReference; lastKnownFileType = sourcecode.swift; path = WorkersFAQViewController.swift; sourceTree = "<group>"; };
		8F2062C223FF747B007C481A /* Base */ = {isa = PBXFileReference; lastKnownFileType = file.storyboard; name = Base; path = Base.lproj/Main.storyboard; sourceTree = "<group>"; };
		8F2062C623FF7F75007C481A /* WorkersChatViewController.swift */ = {isa = PBXFileReference; lastKnownFileType = sourcecode.swift; path = WorkersChatViewController.swift; sourceTree = "<group>"; };
		8F2062CA23FFA4EF007C481A /* WorkerMessagesTableViewCell.swift */ = {isa = PBXFileReference; lastKnownFileType = sourcecode.swift; path = WorkerMessagesTableViewCell.swift; sourceTree = "<group>"; };
		8F95742624169DDB00A4EF6E /* WorkerCatalogTableViewCell.swift */ = {isa = PBXFileReference; lastKnownFileType = sourcecode.swift; path = WorkerCatalogTableViewCell.swift; sourceTree = "<group>"; };
		8F9574282417AE7000A4EF6E /* BasketTableViewCell.swift */ = {isa = PBXFileReference; lastKnownFileType = sourcecode.swift; path = BasketTableViewCell.swift; sourceTree = "<group>"; };
		8FA80A9723FD65FA0015C878 /* NetworkManager.swift */ = {isa = PBXFileReference; lastKnownFileType = sourcecode.swift; path = NetworkManager.swift; sourceTree = "<group>"; };
		8FA80A9923FD660A0015C878 /* DatabaseManager.swift */ = {isa = PBXFileReference; lastKnownFileType = sourcecode.swift; path = DatabaseManager.swift; sourceTree = "<group>"; };
		8FD4E4BD23FCD1D800C62FA5 /* Florentini.app */ = {isa = PBXFileReference; explicitFileType = wrapper.application; includeInIndex = 0; path = Florentini.app; sourceTree = BUILT_PRODUCTS_DIR; };
		8FD4E4C023FCD1D800C62FA5 /* AppDelegate.swift */ = {isa = PBXFileReference; lastKnownFileType = sourcecode.swift; path = AppDelegate.swift; sourceTree = "<group>"; };
		8FD4E4C223FCD1D800C62FA5 /* SceneDelegate.swift */ = {isa = PBXFileReference; lastKnownFileType = sourcecode.swift; path = SceneDelegate.swift; sourceTree = "<group>"; };
		8FD4E4C923FCD1D800C62FA5 /* Assets.xcassets */ = {isa = PBXFileReference; lastKnownFileType = folder.assetcatalog; path = Assets.xcassets; sourceTree = "<group>"; };
		8FD4E4CC23FCD1D800C62FA5 /* Base */ = {isa = PBXFileReference; lastKnownFileType = file.storyboard; name = Base; path = Base.lproj/LaunchScreen.storyboard; sourceTree = "<group>"; };
		8FD4E4CE23FCD1D800C62FA5 /* Info.plist */ = {isa = PBXFileReference; lastKnownFileType = text.plist.xml; path = Info.plist; sourceTree = "<group>"; };
		8FD4E4D423FCD2EB00C62FA5 /* GoogleService-Info.plist */ = {isa = PBXFileReference; fileEncoding = 4; lastKnownFileType = text.plist.xml; path = "GoogleService-Info.plist"; sourceTree = "<group>"; };
		8FD4E4E223FCF01000C62FA5 /* SlideInTransition.swift */ = {isa = PBXFileReference; lastKnownFileType = sourcecode.swift; path = SlideInTransition.swift; sourceTree = "<group>"; };
		8FE3F69424035BE3003001CA /* FAQViewController.swift */ = {isa = PBXFileReference; fileEncoding = 4; lastKnownFileType = sourcecode.swift; path = FAQViewController.swift; sourceTree = "<group>"; };
		8FE3F69524035BE4003001CA /* AboutUsViewController.swift */ = {isa = PBXFileReference; fileEncoding = 4; lastKnownFileType = sourcecode.swift; path = AboutUsViewController.swift; sourceTree = "<group>"; };
		8FE3F69624035BE4003001CA /* CatalogViewController.swift */ = {isa = PBXFileReference; fileEncoding = 4; lastKnownFileType = sourcecode.swift; path = CatalogViewController.swift; sourceTree = "<group>"; };
		8FE3F69B24035BED003001CA /* HomeViewController.swift */ = {isa = PBXFileReference; fileEncoding = 4; lastKnownFileType = sourcecode.swift; path = HomeViewController.swift; sourceTree = "<group>"; };
		8FE3F69E24035BF6003001CA /* MenuViewController.swift */ = {isa = PBXFileReference; fileEncoding = 4; lastKnownFileType = sourcecode.swift; path = MenuViewController.swift; sourceTree = "<group>"; };
		8FFDA506240EC1D700A63A02 /* UserCatalogTableViewCell.swift */ = {isa = PBXFileReference; fileEncoding = 4; lastKnownFileType = sourcecode.swift; path = UserCatalogTableViewCell.swift; sourceTree = "<group>"; };
		8FFEDF252407EC3500D894FD /* NewProductSetViewController.swift */ = {isa = PBXFileReference; lastKnownFileType = sourcecode.swift; path = NewProductSetViewController.swift; sourceTree = "<group>"; };
		D6A7F0BFE6E9D9665F2F01FE /* Pods_Florentini.framework */ = {isa = PBXFileReference; explicitFileType = wrapper.framework; includeInIndex = 0; path = Pods_Florentini.framework; sourceTree = BUILT_PRODUCTS_DIR; };
		E25E8B94760D73E4AD52FD3F /* Pods-Florentini.release.xcconfig */ = {isa = PBXFileReference; includeInIndex = 1; lastKnownFileType = text.xcconfig; name = "Pods-Florentini.release.xcconfig"; path = "Target Support Files/Pods-Florentini/Pods-Florentini.release.xcconfig"; sourceTree = "<group>"; };
/* End PBXFileReference section */

/* Begin PBXFrameworksBuildPhase section */
		8FD4E4BA23FCD1D800C62FA5 /* Frameworks */ = {
			isa = PBXFrameworksBuildPhase;
			buildActionMask = 2147483647;
			files = (
				E86CADEFD3FB618B8C6FB2C4 /* Pods_Florentini.framework in Frameworks */,
			);
			runOnlyForDeploymentPostprocessing = 0;
		};
/* End PBXFrameworksBuildPhase section */

/* Begin PBXGroup section */
		2C5299699048FBC0F5DD3B90 /* Pods */ = {
			isa = PBXGroup;
			children = (
				684CBB7DD3C972328D14EE25 /* Pods-Florentini.debug.xcconfig */,
				E25E8B94760D73E4AD52FD3F /* Pods-Florentini.release.xcconfig */,
			);
			path = Pods;
			sourceTree = "<group>";
		};
		8F2062AA23FF6002007C481A /* WorkSpace */ = {
			isa = PBXGroup;
			children = (
				8FFEDF272407F39000D894FD /* Admin Service */,
				8F2062CC23FFA75C007C481A /* Cells */,
				8F2062B123FF668C007C481A /* Menu */,
				8F2062A623FF5ECE007C481A /* LoginWorkSpaceViewController.swift */,
				8F2062A223FEB25A007C481A /* MainWorkSpaceViewController.swift */,
				8F2062B723FF701C007C481A /* WorkerCatalogViewController.swift */,
				8F2062B923FF703A007C481A /* WorkerProfileViewController.swift */,
				8F2062BB23FF714D007C481A /* WorkersFAQViewController.swift */,
				8F2062C623FF7F75007C481A /* WorkersChatViewController.swift */,
			);
			path = WorkSpace;
			sourceTree = "<group>";
		};
		8F2062B123FF668C007C481A /* Menu */ = {
			isa = PBXGroup;
			children = (
				8F2062AD23FF641C007C481A /* WorkMenuViewController.swift */,
			);
			path = Menu;
			sourceTree = "<group>";
		};
		8F2062B423FF66EA007C481A /* Helpers */ = {
			isa = PBXGroup;
			children = (
				8F2062AB23FF6292007C481A /* UIAlertController + Custom.swift */,
				8FD4E4E223FCF01000C62FA5 /* SlideInTransition.swift */,
			);
			path = Helpers;
			sourceTree = "<group>";
		};
		8F2062CC23FFA75C007C481A /* Cells */ = {
			isa = PBXGroup;
			children = (
				8F2062CA23FFA4EF007C481A /* WorkerMessagesTableViewCell.swift */,
				8F95742624169DDB00A4EF6E /* WorkerCatalogTableViewCell.swift */,
			);
			path = Cells;
			sourceTree = "<group>";
		};
		8F67FAE4240ADE4E006EED49 /* Cells */ = {
			isa = PBXGroup;
			children = (
				8FFDA506240EC1D700A63A02 /* UserCatalogTableViewCell.swift */,
				8F9574282417AE7000A4EF6E /* BasketTableViewCell.swift */,
			);
			path = Cells;
			sourceTree = "<group>";
		};
		8FA80A9623FD65E70015C878 /* Manager */ = {
			isa = PBXGroup;
			children = (
				8FA80A9723FD65FA0015C878 /* NetworkManager.swift */,
				8FA80A9923FD660A0015C878 /* DatabaseManager.swift */,
				8F2062A423FF555F007C481A /* NavigationManager.swift */,
				8F2062A823FF5F94007C481A /* AuthenticationManager.swift */,
				8F0E7BDD24214DAC004235A7 /* CoreDataManager.swift */,
			);
			path = Manager;
			sourceTree = "<group>";
		};
		8FD4E4B423FCD1D800C62FA5 = {
			isa = PBXGroup;
			children = (
				8FD4E4BF23FCD1D800C62FA5 /* Florentini */,
				8FD4E4BE23FCD1D800C62FA5 /* Products */,
				2C5299699048FBC0F5DD3B90 /* Pods */,
				95E6EF1498E8FB12266CF420 /* Frameworks */,
			);
			sourceTree = "<group>";
		};
		8FD4E4BE23FCD1D800C62FA5 /* Products */ = {
			isa = PBXGroup;
			children = (
				8FD4E4BD23FCD1D800C62FA5 /* Florentini.app */,
			);
			name = Products;
			sourceTree = "<group>";
		};
		8FD4E4BF23FCD1D800C62FA5 /* Florentini */ = {
			isa = PBXGroup;
			children = (
				8FD4E4C023FCD1D800C62FA5 /* AppDelegate.swift */,
				8FD4E4C223FCD1D800C62FA5 /* SceneDelegate.swift */,
				8FA80A9623FD65E70015C878 /* Manager */,
				8F2062B423FF66EA007C481A /* Helpers */,
				8FE3F69324035BBB003001CA /* UserSpace */,
				8F2062AA23FF6002007C481A /* WorkSpace */,
				8FD4E4C923FCD1D800C62FA5 /* Assets.xcassets */,
				8F2062C123FF747B007C481A /* Main.storyboard */,
				8FD4E4CB23FCD1D800C62FA5 /* LaunchScreen.storyboard */,
				8FD4E4CE23FCD1D800C62FA5 /* Info.plist */,
				8FD4E4D423FCD2EB00C62FA5 /* GoogleService-Info.plist */,
				8F0E7BB72421496C004235A7 /* FlorentiniModel.xcdatamodeld */,
			);
			path = Florentini;
			sourceTree = "<group>";
		};
		8FE3F69324035BBB003001CA /* UserSpace */ = {
			isa = PBXGroup;
			children = (
				8F67FAE4240ADE4E006EED49 /* Cells */,
				8FE3F6A124035C43003001CA /* Menu */,
				8FE3F69B24035BED003001CA /* HomeViewController.swift */,
				8FE3F69624035BE4003001CA /* CatalogViewController.swift */,
				8F0EEDF824129A3500948175 /* BasketViewController.swift */,
				8FE3F69524035BE4003001CA /* AboutUsViewController.swift */,
				8FE3F69424035BE3003001CA /* FAQViewController.swift */,
			);
			path = UserSpace;
			sourceTree = "<group>";
		};
		8FE3F6A124035C43003001CA /* Menu */ = {
			isa = PBXGroup;
			children = (
				8FE3F69E24035BF6003001CA /* MenuViewController.swift */,
			);
			path = Menu;
			sourceTree = "<group>";
		};
		8FFEDF272407F39000D894FD /* Admin Service */ = {
			isa = PBXGroup;
			children = (
				8FFEDF252407EC3500D894FD /* NewProductSetViewController.swift */,
			);
			path = "Admin Service";
			sourceTree = "<group>";
		};
		95E6EF1498E8FB12266CF420 /* Frameworks */ = {
			isa = PBXGroup;
			children = (
				D6A7F0BFE6E9D9665F2F01FE /* Pods_Florentini.framework */,
			);
			name = Frameworks;
			sourceTree = "<group>";
		};
/* End PBXGroup section */

/* Begin PBXNativeTarget section */
		8FD4E4BC23FCD1D800C62FA5 /* Florentini */ = {
			isa = PBXNativeTarget;
			buildConfigurationList = 8FD4E4D123FCD1D800C62FA5 /* Build configuration list for PBXNativeTarget "Florentini" */;
			buildPhases = (
				8B44B7FAEAB6E226F138159D /* [CP] Check Pods Manifest.lock */,
				8FD4E4B923FCD1D800C62FA5 /* Sources */,
				8FD4E4BA23FCD1D800C62FA5 /* Frameworks */,
				8FD4E4BB23FCD1D800C62FA5 /* Resources */,
				505CFCCA3A0EED072F6F5A7C /* [CP] Embed Pods Frameworks */,
			);
			buildRules = (
			);
			dependencies = (
			);
			name = Florentini;
			productName = Florentini;
			productReference = 8FD4E4BD23FCD1D800C62FA5 /* Florentini.app */;
			productType = "com.apple.product-type.application";
		};
/* End PBXNativeTarget section */

/* Begin PBXProject section */
		8FD4E4B523FCD1D800C62FA5 /* Project object */ = {
			isa = PBXProject;
			attributes = {
				LastSwiftUpdateCheck = 1130;
				LastUpgradeCheck = 1130;
				ORGANIZATIONNAME = "Andrew Matsota";
				TargetAttributes = {
					8FD4E4BC23FCD1D800C62FA5 = {
						CreatedOnToolsVersion = 11.3.1;
					};
				};
			};
			buildConfigurationList = 8FD4E4B823FCD1D800C62FA5 /* Build configuration list for PBXProject "Florentini" */;
			compatibilityVersion = "Xcode 9.3";
			developmentRegion = en;
			hasScannedForEncodings = 0;
			knownRegions = (
				en,
				Base,
			);
			mainGroup = 8FD4E4B423FCD1D800C62FA5;
			productRefGroup = 8FD4E4BE23FCD1D800C62FA5 /* Products */;
			projectDirPath = "";
			projectRoot = "";
			targets = (
				8FD4E4BC23FCD1D800C62FA5 /* Florentini */,
			);
		};
/* End PBXProject section */

/* Begin PBXResourcesBuildPhase section */
		8FD4E4BB23FCD1D800C62FA5 /* Resources */ = {
			isa = PBXResourcesBuildPhase;
			buildActionMask = 2147483647;
			files = (
				8F2062C323FF747B007C481A /* Main.storyboard in Resources */,
				8FD4E4CD23FCD1D800C62FA5 /* LaunchScreen.storyboard in Resources */,
				8FD4E4D523FCD2EB00C62FA5 /* GoogleService-Info.plist in Resources */,
				8FD4E4CA23FCD1D800C62FA5 /* Assets.xcassets in Resources */,
			);
			runOnlyForDeploymentPostprocessing = 0;
		};
/* End PBXResourcesBuildPhase section */

/* Begin PBXShellScriptBuildPhase section */
		505CFCCA3A0EED072F6F5A7C /* [CP] Embed Pods Frameworks */ = {
			isa = PBXShellScriptBuildPhase;
			buildActionMask = 2147483647;
			files = (
			);
			inputFileListPaths = (
				"${PODS_ROOT}/Target Support Files/Pods-Florentini/Pods-Florentini-frameworks-${CONFIGURATION}-input-files.xcfilelist",
			);
			name = "[CP] Embed Pods Frameworks";
			outputFileListPaths = (
				"${PODS_ROOT}/Target Support Files/Pods-Florentini/Pods-Florentini-frameworks-${CONFIGURATION}-output-files.xcfilelist",
			);
			runOnlyForDeploymentPostprocessing = 0;
			shellPath = /bin/sh;
			shellScript = "\"${PODS_ROOT}/Target Support Files/Pods-Florentini/Pods-Florentini-frameworks.sh\"\n";
			showEnvVarsInLog = 0;
		};
		8B44B7FAEAB6E226F138159D /* [CP] Check Pods Manifest.lock */ = {
			isa = PBXShellScriptBuildPhase;
			buildActionMask = 2147483647;
			files = (
			);
			inputFileListPaths = (
			);
			inputPaths = (
				"${PODS_PODFILE_DIR_PATH}/Podfile.lock",
				"${PODS_ROOT}/Manifest.lock",
			);
			name = "[CP] Check Pods Manifest.lock";
			outputFileListPaths = (
			);
			outputPaths = (
				"$(DERIVED_FILE_DIR)/Pods-Florentini-checkManifestLockResult.txt",
			);
			runOnlyForDeploymentPostprocessing = 0;
			shellPath = /bin/sh;
			shellScript = "diff \"${PODS_PODFILE_DIR_PATH}/Podfile.lock\" \"${PODS_ROOT}/Manifest.lock\" > /dev/null\nif [ $? != 0 ] ; then\n    # print error to STDERR\n    echo \"error: The sandbox is not in sync with the Podfile.lock. Run 'pod install' or update your CocoaPods installation.\" >&2\n    exit 1\nfi\n# This output is used by Xcode 'outputs' to avoid re-running this script phase.\necho \"SUCCESS\" > \"${SCRIPT_OUTPUT_FILE_0}\"\n";
			showEnvVarsInLog = 0;
		};
/* End PBXShellScriptBuildPhase section */

/* Begin PBXSourcesBuildPhase section */
		8FD4E4B923FCD1D800C62FA5 /* Sources */ = {
			isa = PBXSourcesBuildPhase;
			buildActionMask = 2147483647;
			files = (
				8F2062BC23FF714D007C481A /* WorkersFAQViewController.swift in Sources */,
				8F2062A323FEB25A007C481A /* MainWorkSpaceViewController.swift in Sources */,
				8FFEDF262407EC3500D894FD /* NewProductSetViewController.swift in Sources */,
				8F2062A723FF5ECE007C481A /* LoginWorkSpaceViewController.swift in Sources */,
				8F0E7BB92421496C004235A7 /* FlorentiniModel.xcdatamodeld in Sources */,
				8FE3F69924035BE4003001CA /* CatalogViewController.swift in Sources */,
				8F2062A923FF5F94007C481A /* AuthenticationManager.swift in Sources */,
				8F0EEDF924129A3500948175 /* BasketViewController.swift in Sources */,
				8FE3F69D24035BED003001CA /* HomeViewController.swift in Sources */,
				8FA80A9A23FD660A0015C878 /* DatabaseManager.swift in Sources */,
				8F2062AC23FF6292007C481A /* UIAlertController + Custom.swift in Sources */,
				8FA80A9823FD65FA0015C878 /* NetworkManager.swift in Sources */,
				8FE3F69824035BE4003001CA /* AboutUsViewController.swift in Sources */,
				8FE3F69724035BE4003001CA /* FAQViewController.swift in Sources */,
				8F2062CB23FFA4EF007C481A /* WorkerMessagesTableViewCell.swift in Sources */,
				8F2062B823FF701C007C481A /* WorkerCatalogViewController.swift in Sources */,
				8F9574292417AE7000A4EF6E /* BasketTableViewCell.swift in Sources */,
				8FD4E4C123FCD1D800C62FA5 /* AppDelegate.swift in Sources */,
				8FFDA507240EC1D700A63A02 /* UserCatalogTableViewCell.swift in Sources */,
				8F95742724169DDB00A4EF6E /* WorkerCatalogTableViewCell.swift in Sources */,
				8FD4E4C323FCD1D800C62FA5 /* SceneDelegate.swift in Sources */,
				8FE3F69F24035BF7003001CA /* MenuViewController.swift in Sources */,
				8F2062AE23FF641C007C481A /* WorkMenuViewController.swift in Sources */,
				8F2062BA23FF703A007C481A /* WorkerProfileViewController.swift in Sources */,
				8FD4E4E323FCF01000C62FA5 /* SlideInTransition.swift in Sources */,
				8F2062A523FF555F007C481A /* NavigationManager.swift in Sources */,
				8F0E7BDE24214DAC004235A7 /* CoreDataManager.swift in Sources */,
				8F2062C723FF7F75007C481A /* WorkersChatViewController.swift in Sources */,
			);
			runOnlyForDeploymentPostprocessing = 0;
		};
/* End PBXSourcesBuildPhase section */

/* Begin PBXVariantGroup section */
		8F2062C123FF747B007C481A /* Main.storyboard */ = {
			isa = PBXVariantGroup;
			children = (
				8F2062C223FF747B007C481A /* Base */,
			);
			name = Main.storyboard;
			sourceTree = "<group>";
		};
		8FD4E4CB23FCD1D800C62FA5 /* LaunchScreen.storyboard */ = {
			isa = PBXVariantGroup;
			children = (
				8FD4E4CC23FCD1D800C62FA5 /* Base */,
			);
			name = LaunchScreen.storyboard;
			sourceTree = "<group>";
		};
/* End PBXVariantGroup section */

/* Begin XCBuildConfiguration section */
		8FD4E4CF23FCD1D800C62FA5 /* Debug */ = {
			isa = XCBuildConfiguration;
			buildSettings = {
				ALWAYS_SEARCH_USER_PATHS = NO;
				CLANG_ANALYZER_NONNULL = YES;
				CLANG_ANALYZER_NUMBER_OBJECT_CONVERSION = YES_AGGRESSIVE;
				CLANG_CXX_LANGUAGE_STANDARD = "gnu++14";
				CLANG_CXX_LIBRARY = "libc++";
				CLANG_ENABLE_MODULES = YES;
				CLANG_ENABLE_OBJC_ARC = YES;
				CLANG_ENABLE_OBJC_WEAK = YES;
				CLANG_WARN_BLOCK_CAPTURE_AUTORELEASING = YES;
				CLANG_WARN_BOOL_CONVERSION = YES;
				CLANG_WARN_COMMA = YES;
				CLANG_WARN_CONSTANT_CONVERSION = YES;
				CLANG_WARN_DEPRECATED_OBJC_IMPLEMENTATIONS = YES;
				CLANG_WARN_DIRECT_OBJC_ISA_USAGE = YES_ERROR;
				CLANG_WARN_DOCUMENTATION_COMMENTS = YES;
				CLANG_WARN_EMPTY_BODY = YES;
				CLANG_WARN_ENUM_CONVERSION = YES;
				CLANG_WARN_INFINITE_RECURSION = YES;
				CLANG_WARN_INT_CONVERSION = YES;
				CLANG_WARN_NON_LITERAL_NULL_CONVERSION = YES;
				CLANG_WARN_OBJC_IMPLICIT_RETAIN_SELF = YES;
				CLANG_WARN_OBJC_LITERAL_CONVERSION = YES;
				CLANG_WARN_OBJC_ROOT_CLASS = YES_ERROR;
				CLANG_WARN_RANGE_LOOP_ANALYSIS = YES;
				CLANG_WARN_STRICT_PROTOTYPES = YES;
				CLANG_WARN_SUSPICIOUS_MOVE = YES;
				CLANG_WARN_UNGUARDED_AVAILABILITY = YES_AGGRESSIVE;
				CLANG_WARN_UNREACHABLE_CODE = YES;
				CLANG_WARN__DUPLICATE_METHOD_MATCH = YES;
				COPY_PHASE_STRIP = NO;
				DEBUG_INFORMATION_FORMAT = dwarf;
				ENABLE_STRICT_OBJC_MSGSEND = YES;
				ENABLE_TESTABILITY = YES;
				GCC_C_LANGUAGE_STANDARD = gnu11;
				GCC_DYNAMIC_NO_PIC = NO;
				GCC_NO_COMMON_BLOCKS = YES;
				GCC_OPTIMIZATION_LEVEL = 0;
				GCC_PREPROCESSOR_DEFINITIONS = (
					"DEBUG=1",
					"$(inherited)",
				);
				GCC_WARN_64_TO_32_BIT_CONVERSION = YES;
				GCC_WARN_ABOUT_RETURN_TYPE = YES_ERROR;
				GCC_WARN_UNDECLARED_SELECTOR = YES;
				GCC_WARN_UNINITIALIZED_AUTOS = YES_AGGRESSIVE;
				GCC_WARN_UNUSED_FUNCTION = YES;
				GCC_WARN_UNUSED_VARIABLE = YES;
				IPHONEOS_DEPLOYMENT_TARGET = 13.2;
				MTL_ENABLE_DEBUG_INFO = INCLUDE_SOURCE;
				MTL_FAST_MATH = YES;
				ONLY_ACTIVE_ARCH = YES;
				SDKROOT = iphoneos;
				SWIFT_ACTIVE_COMPILATION_CONDITIONS = DEBUG;
				SWIFT_OPTIMIZATION_LEVEL = "-Onone";
			};
			name = Debug;
		};
		8FD4E4D023FCD1D800C62FA5 /* Release */ = {
			isa = XCBuildConfiguration;
			buildSettings = {
				ALWAYS_SEARCH_USER_PATHS = NO;
				CLANG_ANALYZER_NONNULL = YES;
				CLANG_ANALYZER_NUMBER_OBJECT_CONVERSION = YES_AGGRESSIVE;
				CLANG_CXX_LANGUAGE_STANDARD = "gnu++14";
				CLANG_CXX_LIBRARY = "libc++";
				CLANG_ENABLE_MODULES = YES;
				CLANG_ENABLE_OBJC_ARC = YES;
				CLANG_ENABLE_OBJC_WEAK = YES;
				CLANG_WARN_BLOCK_CAPTURE_AUTORELEASING = YES;
				CLANG_WARN_BOOL_CONVERSION = YES;
				CLANG_WARN_COMMA = YES;
				CLANG_WARN_CONSTANT_CONVERSION = YES;
				CLANG_WARN_DEPRECATED_OBJC_IMPLEMENTATIONS = YES;
				CLANG_WARN_DIRECT_OBJC_ISA_USAGE = YES_ERROR;
				CLANG_WARN_DOCUMENTATION_COMMENTS = YES;
				CLANG_WARN_EMPTY_BODY = YES;
				CLANG_WARN_ENUM_CONVERSION = YES;
				CLANG_WARN_INFINITE_RECURSION = YES;
				CLANG_WARN_INT_CONVERSION = YES;
				CLANG_WARN_NON_LITERAL_NULL_CONVERSION = YES;
				CLANG_WARN_OBJC_IMPLICIT_RETAIN_SELF = YES;
				CLANG_WARN_OBJC_LITERAL_CONVERSION = YES;
				CLANG_WARN_OBJC_ROOT_CLASS = YES_ERROR;
				CLANG_WARN_RANGE_LOOP_ANALYSIS = YES;
				CLANG_WARN_STRICT_PROTOTYPES = YES;
				CLANG_WARN_SUSPICIOUS_MOVE = YES;
				CLANG_WARN_UNGUARDED_AVAILABILITY = YES_AGGRESSIVE;
				CLANG_WARN_UNREACHABLE_CODE = YES;
				CLANG_WARN__DUPLICATE_METHOD_MATCH = YES;
				COPY_PHASE_STRIP = NO;
				DEBUG_INFORMATION_FORMAT = "dwarf-with-dsym";
				ENABLE_NS_ASSERTIONS = NO;
				ENABLE_STRICT_OBJC_MSGSEND = YES;
				GCC_C_LANGUAGE_STANDARD = gnu11;
				GCC_NO_COMMON_BLOCKS = YES;
				GCC_WARN_64_TO_32_BIT_CONVERSION = YES;
				GCC_WARN_ABOUT_RETURN_TYPE = YES_ERROR;
				GCC_WARN_UNDECLARED_SELECTOR = YES;
				GCC_WARN_UNINITIALIZED_AUTOS = YES_AGGRESSIVE;
				GCC_WARN_UNUSED_FUNCTION = YES;
				GCC_WARN_UNUSED_VARIABLE = YES;
				IPHONEOS_DEPLOYMENT_TARGET = 13.2;
				MTL_ENABLE_DEBUG_INFO = NO;
				MTL_FAST_MATH = YES;
				SDKROOT = iphoneos;
				SWIFT_COMPILATION_MODE = wholemodule;
				SWIFT_OPTIMIZATION_LEVEL = "-O";
				VALIDATE_PRODUCT = YES;
			};
			name = Release;
		};
		8FD4E4D223FCD1D800C62FA5 /* Debug */ = {
			isa = XCBuildConfiguration;
			baseConfigurationReference = 684CBB7DD3C972328D14EE25 /* Pods-Florentini.debug.xcconfig */;
			buildSettings = {
				ASSETCATALOG_COMPILER_APPICON_NAME = AppIcon;
				CODE_SIGN_STYLE = Automatic;
				DEVELOPMENT_TEAM = 8TLBRTM298;
				INFOPLIST_FILE = Florentini/Info.plist;
				LD_RUNPATH_SEARCH_PATHS = (
					"$(inherited)",
					"@executable_path/Frameworks",
				);
				PRODUCT_BUNDLE_IDENTIFIER = com.atos.Florentini;
				PRODUCT_NAME = "$(TARGET_NAME)";
				SWIFT_VERSION = 5.0;
				TARGETED_DEVICE_FAMILY = "1,2";
			};
			name = Debug;
		};
		8FD4E4D323FCD1D800C62FA5 /* Release */ = {
			isa = XCBuildConfiguration;
			baseConfigurationReference = E25E8B94760D73E4AD52FD3F /* Pods-Florentini.release.xcconfig */;
			buildSettings = {
				ASSETCATALOG_COMPILER_APPICON_NAME = AppIcon;
				CODE_SIGN_STYLE = Automatic;
				DEVELOPMENT_TEAM = 8TLBRTM298;
				INFOPLIST_FILE = Florentini/Info.plist;
				LD_RUNPATH_SEARCH_PATHS = (
					"$(inherited)",
					"@executable_path/Frameworks",
				);
				PRODUCT_BUNDLE_IDENTIFIER = com.atos.Florentini;
				PRODUCT_NAME = "$(TARGET_NAME)";
				SWIFT_VERSION = 5.0;
				TARGETED_DEVICE_FAMILY = "1,2";
			};
			name = Release;
		};
/* End XCBuildConfiguration section */

/* Begin XCConfigurationList section */
		8FD4E4B823FCD1D800C62FA5 /* Build configuration list for PBXProject "Florentini" */ = {
			isa = XCConfigurationList;
			buildConfigurations = (
				8FD4E4CF23FCD1D800C62FA5 /* Debug */,
				8FD4E4D023FCD1D800C62FA5 /* Release */,
			);
			defaultConfigurationIsVisible = 0;
			defaultConfigurationName = Release;
		};
		8FD4E4D123FCD1D800C62FA5 /* Build configuration list for PBXNativeTarget "Florentini" */ = {
			isa = XCConfigurationList;
			buildConfigurations = (
				8FD4E4D223FCD1D800C62FA5 /* Debug */,
				8FD4E4D323FCD1D800C62FA5 /* Release */,
			);
			defaultConfigurationIsVisible = 0;
			defaultConfigurationName = Release;
		};
/* End XCConfigurationList section */

/* Begin XCVersionGroup section */
		8F0E7BB72421496C004235A7 /* FlorentiniModel.xcdatamodeld */ = {
			isa = XCVersionGroup;
			children = (
				8F0E7BB82421496C004235A7 /* coreData.xcdatamodel */,
			);
			currentVersion = 8F0E7BB82421496C004235A7 /* coreData.xcdatamodel */;
			path = FlorentiniModel.xcdatamodeld;
			sourceTree = "<group>";
			versionGroupType = wrapper.xcdatamodel;
		};
/* End XCVersionGroup section */
	};
	rootObject = 8FD4E4B523FCD1D800C62FA5 /* Project object */;
}
